// !$*UTF8*$!
{
	archiveVersion = 1;
	classes = {
	};
	objectVersion = 46;
	objects = {

/* Begin PBXBuildFile section */
		0EBF54E11EF0790800AE09F2 /* AppDelegate.swift in Sources */ = {isa = PBXBuildFile; fileRef = 0EBF54E01EF0790800AE09F2 /* AppDelegate.swift */; };
		0EBF54E31EF0790800AE09F2 /* SignInVC.swift in Sources */ = {isa = PBXBuildFile; fileRef = 0EBF54E21EF0790800AE09F2 /* SignInVC.swift */; };
		0EBF54E61EF0790800AE09F2 /* Main.storyboard in Resources */ = {isa = PBXBuildFile; fileRef = 0EBF54E41EF0790800AE09F2 /* Main.storyboard */; };
		0EBF54E81EF0790800AE09F2 /* Assets.xcassets in Resources */ = {isa = PBXBuildFile; fileRef = 0EBF54E71EF0790800AE09F2 /* Assets.xcassets */; };
		0EBF54EB1EF0790800AE09F2 /* LaunchScreen.storyboard in Resources */ = {isa = PBXBuildFile; fileRef = 0EBF54E91EF0790800AE09F2 /* LaunchScreen.storyboard */; };
		0EBF54F61EF0790800AE09F2 /* devslopes_socialTests.swift in Sources */ = {isa = PBXBuildFile; fileRef = 0EBF54F51EF0790800AE09F2 /* devslopes_socialTests.swift */; };
		0EBF55031EF0798D00AE09F2 /* GoogleService-Info.plist in Resources */ = {isa = PBXBuildFile; fileRef = 0EBF55021EF0798D00AE09F2 /* GoogleService-Info.plist */; };
		4781ABDAE4D7FEB1408319D8 /* Pods_devslopes_social.framework in Frameworks */ = {isa = PBXBuildFile; fileRef = 008705BE58519F282159035B /* Pods_devslopes_social.framework */; };
		48F7595F92748CD6D141C568 /* Pods_devslopes_socialTests.framework in Frameworks */ = {isa = PBXBuildFile; fileRef = 08BA00B67A8FE3A17017E328 /* Pods_devslopes_socialTests.framework */; };
/* End PBXBuildFile section */

/* Begin PBXContainerItemProxy section */
		0EBF54F21EF0790800AE09F2 /* PBXContainerItemProxy */ = {
			isa = PBXContainerItemProxy;
			containerPortal = 0EBF54D51EF0790700AE09F2 /* Project object */;
			proxyType = 1;
			remoteGlobalIDString = 0EBF54DC1EF0790800AE09F2;
			remoteInfo = "devslopes-social";
		};
/* End PBXContainerItemProxy section */

/* Begin PBXFileReference section */
		008705BE58519F282159035B /* Pods_devslopes_social.framework */ = {isa = PBXFileReference; explicitFileType = wrapper.framework; includeInIndex = 0; path = Pods_devslopes_social.framework; sourceTree = BUILT_PRODUCTS_DIR; };
		08BA00B67A8FE3A17017E328 /* Pods_devslopes_socialTests.framework */ = {isa = PBXFileReference; explicitFileType = wrapper.framework; includeInIndex = 0; path = Pods_devslopes_socialTests.framework; sourceTree = BUILT_PRODUCTS_DIR; };
		0EBF54DD1EF0790800AE09F2 /* devslopes-social.app */ = {isa = PBXFileReference; explicitFileType = wrapper.application; includeInIndex = 0; path = "devslopes-social.app"; sourceTree = BUILT_PRODUCTS_DIR; };
		0EBF54E01EF0790800AE09F2 /* AppDelegate.swift */ = {isa = PBXFileReference; lastKnownFileType = sourcecode.swift; path = AppDelegate.swift; sourceTree = "<group>"; };
		0EBF54E21EF0790800AE09F2 /* SignInVC.swift */ = {isa = PBXFileReference; lastKnownFileType = sourcecode.swift; path = SignInVC.swift; sourceTree = "<group>"; };
		0EBF54E51EF0790800AE09F2 /* Base */ = {isa = PBXFileReference; lastKnownFileType = file.storyboard; name = Base; path = Base.lproj/Main.storyboard; sourceTree = "<group>"; };
		0EBF54E71EF0790800AE09F2 /* Assets.xcassets */ = {isa = PBXFileReference; lastKnownFileType = folder.assetcatalog; path = Assets.xcassets; sourceTree = "<group>"; };
		0EBF54EA1EF0790800AE09F2 /* Base */ = {isa = PBXFileReference; lastKnownFileType = file.storyboard; name = Base; path = Base.lproj/LaunchScreen.storyboard; sourceTree = "<group>"; };
		0EBF54EC1EF0790800AE09F2 /* Info.plist */ = {isa = PBXFileReference; lastKnownFileType = text.plist.xml; path = Info.plist; sourceTree = "<group>"; };
		0EBF54F11EF0790800AE09F2 /* devslopes-socialTests.xctest */ = {isa = PBXFileReference; explicitFileType = wrapper.cfbundle; includeInIndex = 0; path = "devslopes-socialTests.xctest"; sourceTree = BUILT_PRODUCTS_DIR; };
		0EBF54F51EF0790800AE09F2 /* devslopes_socialTests.swift */ = {isa = PBXFileReference; lastKnownFileType = sourcecode.swift; path = devslopes_socialTests.swift; sourceTree = "<group>"; };
		0EBF54F71EF0790900AE09F2 /* Info.plist */ = {isa = PBXFileReference; lastKnownFileType = text.plist.xml; path = Info.plist; sourceTree = "<group>"; };
		0EBF55021EF0798D00AE09F2 /* GoogleService-Info.plist */ = {isa = PBXFileReference; fileEncoding = 4; lastKnownFileType = text.plist.xml; path = "GoogleService-Info.plist"; sourceTree = "<group>"; };
		754B2D3AD0E5D68D0DB4D8F5 /* Pods-devslopes-social.release.xcconfig */ = {isa = PBXFileReference; includeInIndex = 1; lastKnownFileType = text.xcconfig; name = "Pods-devslopes-social.release.xcconfig"; path = "Pods/Target Support Files/Pods-devslopes-social/Pods-devslopes-social.release.xcconfig"; sourceTree = "<group>"; };
		B8E7C97B192E3CD9582B98F6 /* Pods-devslopes-social.debug.xcconfig */ = {isa = PBXFileReference; includeInIndex = 1; lastKnownFileType = text.xcconfig; name = "Pods-devslopes-social.debug.xcconfig"; path = "Pods/Target Support Files/Pods-devslopes-social/Pods-devslopes-social.debug.xcconfig"; sourceTree = "<group>"; };
		D28635A58BC42085890EE553 /* Pods-devslopes-socialTests.debug.xcconfig */ = {isa = PBXFileReference; includeInIndex = 1; lastKnownFileType = text.xcconfig; name = "Pods-devslopes-socialTests.debug.xcconfig"; path = "Pods/Target Support Files/Pods-devslopes-socialTests/Pods-devslopes-socialTests.debug.xcconfig"; sourceTree = "<group>"; };
		DC90072358CCFEB7207B4F1F /* Pods-devslopes-socialTests.release.xcconfig */ = {isa = PBXFileReference; includeInIndex = 1; lastKnownFileType = text.xcconfig; name = "Pods-devslopes-socialTests.release.xcconfig"; path = "Pods/Target Support Files/Pods-devslopes-socialTests/Pods-devslopes-socialTests.release.xcconfig"; sourceTree = "<group>"; };
/* End PBXFileReference section */

/* Begin PBXFrameworksBuildPhase section */
		0EBF54DA1EF0790800AE09F2 /* Frameworks */ = {
			isa = PBXFrameworksBuildPhase;
			buildActionMask = 2147483647;
			files = (
				4781ABDAE4D7FEB1408319D8 /* Pods_devslopes_social.framework in Frameworks */,
			);
			runOnlyForDeploymentPostprocessing = 0;
		};
		0EBF54EE1EF0790800AE09F2 /* Frameworks */ = {
			isa = PBXFrameworksBuildPhase;
			buildActionMask = 2147483647;
			files = (
				48F7595F92748CD6D141C568 /* Pods_devslopes_socialTests.framework in Frameworks */,
			);
			runOnlyForDeploymentPostprocessing = 0;
		};
/* End PBXFrameworksBuildPhase section */

/* Begin PBXGroup section */
		0EBF54D41EF0790700AE09F2 = {
			isa = PBXGroup;
			children = (
				0EBF54DF1EF0790800AE09F2 /* devslopes-social */,
				0EBF54F41EF0790800AE09F2 /* devslopes-socialTests */,
				0EBF54DE1EF0790800AE09F2 /* Products */,
				59C4BA5A31D1E0465B796F95 /* Pods */,
				CB961AEF5C3ADBA170607C2C /* Frameworks */,
			);
			sourceTree = "<group>";
		};
		0EBF54DE1EF0790800AE09F2 /* Products */ = {
			isa = PBXGroup;
			children = (
				0EBF54DD1EF0790800AE09F2 /* devslopes-social.app */,
				0EBF54F11EF0790800AE09F2 /* devslopes-socialTests.xctest */,
			);
			name = Products;
			sourceTree = "<group>";
		};
		0EBF54DF1EF0790800AE09F2 /* devslopes-social */ = {
			isa = PBXGroup;
			children = (
				0EBF55081EF07B8C00AE09F2 /* Extensions */,
				0EBF55071EF07B8400AE09F2 /* Protocols */,
				0EBF55061EF07B7F00AE09F2 /* Util */,
				0EBF55051EF07B7800AE09F2 /* Resources */,
				0EBF55041EF0799B00AE09F2 /* Model */,
				0EBF55011EF0796700AE09F2 /* View */,
				0EBF55001EF0795600AE09F2 /* Controller */,
			);
			path = "devslopes-social";
			sourceTree = "<group>";
		};
		0EBF54F41EF0790800AE09F2 /* devslopes-socialTests */ = {
			isa = PBXGroup;
			children = (
				0EBF54F51EF0790800AE09F2 /* devslopes_socialTests.swift */,
				0EBF54F71EF0790900AE09F2 /* Info.plist */,
			);
			path = "devslopes-socialTests";
			sourceTree = "<group>";
		};
		0EBF55001EF0795600AE09F2 /* Controller */ = {
			isa = PBXGroup;
			children = (
				0EBF54E01EF0790800AE09F2 /* AppDelegate.swift */,
				0EBF54E21EF0790800AE09F2 /* SignInVC.swift */,
			);
			name = Controller;
			sourceTree = "<group>";
		};
		0EBF55011EF0796700AE09F2 /* View */ = {
			isa = PBXGroup;
			children = (
				0EBF54E41EF0790800AE09F2 /* Main.storyboard */,
				0EBF54E91EF0790800AE09F2 /* LaunchScreen.storyboard */,
			);
			name = View;
			sourceTree = "<group>";
		};
		0EBF55041EF0799B00AE09F2 /* Model */ = {
			isa = PBXGroup;
			children = (
			);
			name = Model;
			sourceTree = "<group>";
		};
		0EBF55051EF07B7800AE09F2 /* Resources */ = {
			isa = PBXGroup;
			children = (
				0EBF54EC1EF0790800AE09F2 /* Info.plist */,
				0EBF55021EF0798D00AE09F2 /* GoogleService-Info.plist */,
				0EBF54E71EF0790800AE09F2 /* Assets.xcassets */,
			);
			name = Resources;
			sourceTree = "<group>";
		};
		0EBF55061EF07B7F00AE09F2 /* Util */ = {
			isa = PBXGroup;
			children = (
			);
			name = Util;
			sourceTree = "<group>";
		};
		0EBF55071EF07B8400AE09F2 /* Protocols */ = {
			isa = PBXGroup;
			children = (
			);
			name = Protocols;
			sourceTree = "<group>";
		};
		0EBF55081EF07B8C00AE09F2 /* Extensions */ = {
			isa = PBXGroup;
			children = (
			);
			name = Extensions;
			sourceTree = "<group>";
		};
		59C4BA5A31D1E0465B796F95 /* Pods */ = {
			isa = PBXGroup;
			children = (
				B8E7C97B192E3CD9582B98F6 /* Pods-devslopes-social.debug.xcconfig */,
				754B2D3AD0E5D68D0DB4D8F5 /* Pods-devslopes-social.release.xcconfig */,
				D28635A58BC42085890EE553 /* Pods-devslopes-socialTests.debug.xcconfig */,
				DC90072358CCFEB7207B4F1F /* Pods-devslopes-socialTests.release.xcconfig */,
			);
			name = Pods;
			sourceTree = "<group>";
		};
		CB961AEF5C3ADBA170607C2C /* Frameworks */ = {
			isa = PBXGroup;
			children = (
				008705BE58519F282159035B /* Pods_devslopes_social.framework */,
				08BA00B67A8FE3A17017E328 /* Pods_devslopes_socialTests.framework */,
			);
			name = Frameworks;
			sourceTree = "<group>";
		};
/* End PBXGroup section */

/* Begin PBXNativeTarget section */
		0EBF54DC1EF0790800AE09F2 /* devslopes-social */ = {
			isa = PBXNativeTarget;
			buildConfigurationList = 0EBF54FA1EF0790900AE09F2 /* Build configuration list for PBXNativeTarget "devslopes-social" */;
			buildPhases = (
				1110D56394BF488860D1AF84 /* [CP] Check Pods Manifest.lock */,
				0EBF54D91EF0790800AE09F2 /* Sources */,
				0EBF54DA1EF0790800AE09F2 /* Frameworks */,
				0EBF54DB1EF0790800AE09F2 /* Resources */,
				0635B47182FC07C87D4CC19E /* [CP] Embed Pods Frameworks */,
				A00F04348AC8F0EB072C0A52 /* [CP] Copy Pods Resources */,
			);
			buildRules = (
			);
			dependencies = (
			);
			name = "devslopes-social";
			productName = "devslopes-social";
			productReference = 0EBF54DD1EF0790800AE09F2 /* devslopes-social.app */;
			productType = "com.apple.product-type.application";
		};
		0EBF54F01EF0790800AE09F2 /* devslopes-socialTests */ = {
			isa = PBXNativeTarget;
			buildConfigurationList = 0EBF54FD1EF0790900AE09F2 /* Build configuration list for PBXNativeTarget "devslopes-socialTests" */;
			buildPhases = (
				9DF25134D6A8C402B15CE3C0 /* [CP] Check Pods Manifest.lock */,
				0EBF54ED1EF0790800AE09F2 /* Sources */,
				0EBF54EE1EF0790800AE09F2 /* Frameworks */,
				0EBF54EF1EF0790800AE09F2 /* Resources */,
				8BBDC952A7A2E029CB8ED908 /* [CP] Embed Pods Frameworks */,
				43BAF490122EA3A23C12E1B8 /* [CP] Copy Pods Resources */,
			);
			buildRules = (
			);
			dependencies = (
				0EBF54F31EF0790800AE09F2 /* PBXTargetDependency */,
			);
			name = "devslopes-socialTests";
			productName = "devslopes-socialTests";
			productReference = 0EBF54F11EF0790800AE09F2 /* devslopes-socialTests.xctest */;
			productType = "com.apple.product-type.bundle.unit-test";
		};
/* End PBXNativeTarget section */

/* Begin PBXProject section */
		0EBF54D51EF0790700AE09F2 /* Project object */ = {
			isa = PBXProject;
			attributes = {
				LastSwiftUpdateCheck = 0830;
				LastUpgradeCheck = 0830;
				ORGANIZATIONNAME = "Luvdub Nation";
				TargetAttributes = {
					0EBF54DC1EF0790800AE09F2 = {
						CreatedOnToolsVersion = 8.3.3;
						DevelopmentTeam = UN3RJJV688;
						ProvisioningStyle = Automatic;
					};
					0EBF54F01EF0790800AE09F2 = {
						CreatedOnToolsVersion = 8.3.3;
						DevelopmentTeam = UN3RJJV688;
						ProvisioningStyle = Automatic;
						TestTargetID = 0EBF54DC1EF0790800AE09F2;
					};
				};
			};
			buildConfigurationList = 0EBF54D81EF0790700AE09F2 /* Build configuration list for PBXProject "devslopes-social" */;
			compatibilityVersion = "Xcode 3.2";
			developmentRegion = English;
			hasScannedForEncodings = 0;
			knownRegions = (
				en,
				Base,
			);
			mainGroup = 0EBF54D41EF0790700AE09F2;
			productRefGroup = 0EBF54DE1EF0790800AE09F2 /* Products */;
			projectDirPath = "";
			projectRoot = "";
			targets = (
				0EBF54DC1EF0790800AE09F2 /* devslopes-social */,
				0EBF54F01EF0790800AE09F2 /* devslopes-socialTests */,
			);
		};
/* End PBXProject section */

/* Begin PBXResourcesBuildPhase section */
		0EBF54DB1EF0790800AE09F2 /* Resources */ = {
			isa = PBXResourcesBuildPhase;
			buildActionMask = 2147483647;
			files = (
				0EBF54EB1EF0790800AE09F2 /* LaunchScreen.storyboard in Resources */,
				0EBF54E81EF0790800AE09F2 /* Assets.xcassets in Resources */,
				0EBF54E61EF0790800AE09F2 /* Main.storyboard in Resources */,
				0EBF55031EF0798D00AE09F2 /* GoogleService-Info.plist in Resources */,
			);
			runOnlyForDeploymentPostprocessing = 0;
		};
		0EBF54EF1EF0790800AE09F2 /* Resources */ = {
			isa = PBXResourcesBuildPhase;
			buildActionMask = 2147483647;
			files = (
			);
			runOnlyForDeploymentPostprocessing = 0;
		};
/* End PBXResourcesBuildPhase section */

/* Begin PBXShellScriptBuildPhase section */
		0635B47182FC07C87D4CC19E /* [CP] Embed Pods Frameworks */ = {
			isa = PBXShellScriptBuildPhase;
			buildActionMask = 2147483647;
			files = (
			);
			inputPaths = (
			);
			name = "[CP] Embed Pods Frameworks";
			outputPaths = (
			);
			runOnlyForDeploymentPostprocessing = 0;
			shellPath = /bin/sh;
			shellScript = "\"${SRCROOT}/Pods/Target Support Files/Pods-devslopes-social/Pods-devslopes-social-frameworks.sh\"\n";
			showEnvVarsInLog = 0;
		};
		1110D56394BF488860D1AF84 /* [CP] Check Pods Manifest.lock */ = {
			isa = PBXShellScriptBuildPhase;
			buildActionMask = 2147483647;
			files = (
			);
			inputPaths = (
			);
			name = "[CP] Check Pods Manifest.lock";
			outputPaths = (
			);
			runOnlyForDeploymentPostprocessing = 0;
			shellPath = /bin/sh;
			shellScript = "diff \"${PODS_PODFILE_DIR_PATH}/Podfile.lock\" \"${PODS_ROOT}/Manifest.lock\" > /dev/null\nif [ $? != 0 ] ; then\n    # print error to STDERR\n    echo \"error: The sandbox is not in sync with the Podfile.lock. Run 'pod install' or update your CocoaPods installation.\" >&2\n    exit 1\nfi\n";
			showEnvVarsInLog = 0;
		};
		43BAF490122EA3A23C12E1B8 /* [CP] Copy Pods Resources */ = {
			isa = PBXShellScriptBuildPhase;
			buildActionMask = 2147483647;
			files = (
			);
			inputPaths = (
			);
			name = "[CP] Copy Pods Resources";
			outputPaths = (
			);
			runOnlyForDeploymentPostprocessing = 0;
			shellPath = /bin/sh;
			shellScript = "\"${SRCROOT}/Pods/Target Support Files/Pods-devslopes-socialTests/Pods-devslopes-socialTests-resources.sh\"\n";
			showEnvVarsInLog = 0;
		};
		8BBDC952A7A2E029CB8ED908 /* [CP] Embed Pods Frameworks */ = {
			isa = PBXShellScriptBuildPhase;
			buildActionMask = 2147483647;
			files = (
			);
			inputPaths = (
			);
			name = "[CP] Embed Pods Frameworks";
			outputPaths = (
			);
			runOnlyForDeploymentPostprocessing = 0;
			shellPath = /bin/sh;
			shellScript = "\"${SRCROOT}/Pods/Target Support Files/Pods-devslopes-socialTests/Pods-devslopes-socialTests-frameworks.sh\"\n";
			showEnvVarsInLog = 0;
		};
		9DF25134D6A8C402B15CE3C0 /* [CP] Check Pods Manifest.lock */ = {
			isa = PBXShellScriptBuildPhase;
			buildActionMask = 2147483647;
			files = (
			);
			inputPaths = (
			);
			name = "[CP] Check Pods Manifest.lock";
			outputPaths = (
			);
			runOnlyForDeploymentPostprocessing = 0;
			shellPath = /bin/sh;
			shellScript = "diff \"${PODS_PODFILE_DIR_PATH}/Podfile.lock\" \"${PODS_ROOT}/Manifest.lock\" > /dev/null\nif [ $? != 0 ] ; then\n    # print error to STDERR\n    echo \"error: The sandbox is not in sync with the Podfile.lock. Run 'pod install' or update your CocoaPods installation.\" >&2\n    exit 1\nfi\n";
			showEnvVarsInLog = 0;
		};
		A00F04348AC8F0EB072C0A52 /* [CP] Copy Pods Resources */ = {
			isa = PBXShellScriptBuildPhase;
			buildActionMask = 2147483647;
			files = (
			);
			inputPaths = (
			);
			name = "[CP] Copy Pods Resources";
			outputPaths = (
			);
			runOnlyForDeploymentPostprocessing = 0;
			shellPath = /bin/sh;
			shellScript = "\"${SRCROOT}/Pods/Target Support Files/Pods-devslopes-social/Pods-devslopes-social-resources.sh\"\n";
			showEnvVarsInLog = 0;
		};
/* End PBXShellScriptBuildPhase section */

/* Begin PBXSourcesBuildPhase section */
		0EBF54D91EF0790800AE09F2 /* Sources */ = {
			isa = PBXSourcesBuildPhase;
			buildActionMask = 2147483647;
			files = (
				0EBF54E31EF0790800AE09F2 /* SignInVC.swift in Sources */,
				0EBF54E11EF0790800AE09F2 /* AppDelegate.swift in Sources */,
			);
			runOnlyForDeploymentPostprocessing = 0;
		};
		0EBF54ED1EF0790800AE09F2 /* Sources */ = {
			isa = PBXSourcesBuildPhase;
			buildActionMask = 2147483647;
			files = (
				0EBF54F61EF0790800AE09F2 /* devslopes_socialTests.swift in Sources */,
			);
			runOnlyForDeploymentPostprocessing = 0;
		};
/* End PBXSourcesBuildPhase section */

/* Begin PBXTargetDependency section */
		0EBF54F31EF0790800AE09F2 /* PBXTargetDependency */ = {
			isa = PBXTargetDependency;
			target = 0EBF54DC1EF0790800AE09F2 /* devslopes-social */;
			targetProxy = 0EBF54F21EF0790800AE09F2 /* PBXContainerItemProxy */;
		};
/* End PBXTargetDependency section */

/* Begin PBXVariantGroup section */
		0EBF54E41EF0790800AE09F2 /* Main.storyboard */ = {
			isa = PBXVariantGroup;
			children = (
				0EBF54E51EF0790800AE09F2 /* Base */,
			);
			name = Main.storyboard;
			sourceTree = "<group>";
		};
		0EBF54E91EF0790800AE09F2 /* LaunchScreen.storyboard */ = {
			isa = PBXVariantGroup;
			children = (
				0EBF54EA1EF0790800AE09F2 /* Base */,
			);
			name = LaunchScreen.storyboard;
			sourceTree = "<group>";
		};
/* End PBXVariantGroup section */

/* Begin XCBuildConfiguration section */
		0EBF54F81EF0790900AE09F2 /* Debug */ = {
			isa = XCBuildConfiguration;
			buildSettings = {
				ALWAYS_SEARCH_USER_PATHS = NO;
				CLANG_ANALYZER_NONNULL = YES;
				CLANG_ANALYZER_NUMBER_OBJECT_CONVERSION = YES_AGGRESSIVE;
				CLANG_CXX_LANGUAGE_STANDARD = "gnu++0x";
				CLANG_CXX_LIBRARY = "libc++";
				CLANG_ENABLE_MODULES = YES;
				CLANG_ENABLE_OBJC_ARC = YES;
				CLANG_WARN_BOOL_CONVERSION = YES;
				CLANG_WARN_CONSTANT_CONVERSION = YES;
				CLANG_WARN_DIRECT_OBJC_ISA_USAGE = YES_ERROR;
				CLANG_WARN_DOCUMENTATION_COMMENTS = YES;
				CLANG_WARN_EMPTY_BODY = YES;
				CLANG_WARN_ENUM_CONVERSION = YES;
				CLANG_WARN_INFINITE_RECURSION = YES;
				CLANG_WARN_INT_CONVERSION = YES;
				CLANG_WARN_OBJC_ROOT_CLASS = YES_ERROR;
				CLANG_WARN_SUSPICIOUS_MOVE = YES;
				CLANG_WARN_UNREACHABLE_CODE = YES;
				CLANG_WARN__DUPLICATE_METHOD_MATCH = YES;
				"CODE_SIGN_IDENTITY[sdk=iphoneos*]" = "iPhone Developer";
				COPY_PHASE_STRIP = NO;
				DEBUG_INFORMATION_FORMAT = dwarf;
				ENABLE_STRICT_OBJC_MSGSEND = YES;
				ENABLE_TESTABILITY = YES;
				GCC_C_LANGUAGE_STANDARD = gnu99;
				GCC_DYNAMIC_NO_PIC = NO;
				GCC_NO_COMMON_BLOCKS = YES;
				GCC_OPTIMIZATION_LEVEL = 0;
				GCC_PREPROCESSOR_DEFINITIONS = (
					"DEBUG=1",
					"$(inherited)",
				);
				GCC_WARN_64_TO_32_BIT_CONVERSION = YES;
				GCC_WARN_ABOUT_RETURN_TYPE = YES_ERROR;
				GCC_WARN_UNDECLARED_SELECTOR = YES;
				GCC_WARN_UNINITIALIZED_AUTOS = YES_AGGRESSIVE;
				GCC_WARN_UNUSED_FUNCTION = YES;
				GCC_WARN_UNUSED_VARIABLE = YES;
				IPHONEOS_DEPLOYMENT_TARGET = 10.3;
				MTL_ENABLE_DEBUG_INFO = YES;
				ONLY_ACTIVE_ARCH = YES;
				SDKROOT = iphoneos;
				SWIFT_ACTIVE_COMPILATION_CONDITIONS = DEBUG;
				SWIFT_OPTIMIZATION_LEVEL = "-Onone";
			};
			name = Debug;
		};
		0EBF54F91EF0790900AE09F2 /* Release */ = {
			isa = XCBuildConfiguration;
			buildSettings = {
				ALWAYS_SEARCH_USER_PATHS = NO;
				CLANG_ANALYZER_NONNULL = YES;
				CLANG_ANALYZER_NUMBER_OBJECT_CONVERSION = YES_AGGRESSIVE;
				CLANG_CXX_LANGUAGE_STANDARD = "gnu++0x";
				CLANG_CXX_LIBRARY = "libc++";
				CLANG_ENABLE_MODULES = YES;
				CLANG_ENABLE_OBJC_ARC = YES;
				CLANG_WARN_BOOL_CONVERSION = YES;
				CLANG_WARN_CONSTANT_CONVERSION = YES;
				CLANG_WARN_DIRECT_OBJC_ISA_USAGE = YES_ERROR;
				CLANG_WARN_DOCUMENTATION_COMMENTS = YES;
				CLANG_WARN_EMPTY_BODY = YES;
				CLANG_WARN_ENUM_CONVERSION = YES;
				CLANG_WARN_INFINITE_RECURSION = YES;
				CLANG_WARN_INT_CONVERSION = YES;
				CLANG_WARN_OBJC_ROOT_CLASS = YES_ERROR;
				CLANG_WARN_SUSPICIOUS_MOVE = YES;
				CLANG_WARN_UNREACHABLE_CODE = YES;
				CLANG_WARN__DUPLICATE_METHOD_MATCH = YES;
				"CODE_SIGN_IDENTITY[sdk=iphoneos*]" = "iPhone Developer";
				COPY_PHASE_STRIP = NO;
				DEBUG_INFORMATION_FORMAT = "dwarf-with-dsym";
				ENABLE_NS_ASSERTIONS = NO;
				ENABLE_STRICT_OBJC_MSGSEND = YES;
				GCC_C_LANGUAGE_STANDARD = gnu99;
				GCC_NO_COMMON_BLOCKS = YES;
				GCC_WARN_64_TO_32_BIT_CONVERSION = YES;
				GCC_WARN_ABOUT_RETURN_TYPE = YES_ERROR;
				GCC_WARN_UNDECLARED_SELECTOR = YES;
				GCC_WARN_UNINITIALIZED_AUTOS = YES_AGGRESSIVE;
				GCC_WARN_UNUSED_FUNCTION = YES;
				GCC_WARN_UNUSED_VARIABLE = YES;
				IPHONEOS_DEPLOYMENT_TARGET = 10.3;
				MTL_ENABLE_DEBUG_INFO = NO;
				SDKROOT = iphoneos;
				SWIFT_OPTIMIZATION_LEVEL = "-Owholemodule";
				VALIDATE_PRODUCT = YES;
			};
			name = Release;
		};
		0EBF54FB1EF0790900AE09F2 /* Debug */ = {
			isa = XCBuildConfiguration;
			baseConfigurationReference = B8E7C97B192E3CD9582B98F6 /* Pods-devslopes-social.debug.xcconfig */;
			buildSettings = {
				ASSETCATALOG_COMPILER_APPICON_NAME = AppIcon;
				DEVELOPMENT_TEAM = UN3RJJV688;
				INFOPLIST_FILE = "devslopes-social/Info.plist";
				LD_RUNPATH_SEARCH_PATHS = "$(inherited) @executable_path/Frameworks";
				PRODUCT_BUNDLE_IDENTIFIER = "com.LuvdubNation.devslopes-social";
				PRODUCT_NAME = "$(TARGET_NAME)";
				SWIFT_VERSION = 3.0;
			};
			name = Debug;
		};
		0EBF54FC1EF0790900AE09F2 /* Release */ = {
			isa = XCBuildConfiguration;
			baseConfigurationReference = 754B2D3AD0E5D68D0DB4D8F5 /* Pods-devslopes-social.release.xcconfig */;
			buildSettings = {
				ASSETCATALOG_COMPILER_APPICON_NAME = AppIcon;
				DEVELOPMENT_TEAM = UN3RJJV688;
				INFOPLIST_FILE = "devslopes-social/Info.plist";
				LD_RUNPATH_SEARCH_PATHS = "$(inherited) @executable_path/Frameworks";
				PRODUCT_BUNDLE_IDENTIFIER = "com.LuvdubNation.devslopes-social";
				PRODUCT_NAME = "$(TARGET_NAME)";
				SWIFT_VERSION = 3.0;
			};
			name = Release;
		};
		0EBF54FE1EF0790900AE09F2 /* Debug */ = {
			isa = XCBuildConfiguration;
			baseConfigurationReference = D28635A58BC42085890EE553 /* Pods-devslopes-socialTests.debug.xcconfig */;
			buildSettings = {
				ALWAYS_EMBED_SWIFT_STANDARD_LIBRARIES = YES;
				BUNDLE_LOADER = "$(TEST_HOST)";
				DEVELOPMENT_TEAM = UN3RJJV688;
				INFOPLIST_FILE = "devslopes-socialTests/Info.plist";
				LD_RUNPATH_SEARCH_PATHS = "$(inherited) @executable_path/Frameworks @loader_path/Frameworks";
				PRODUCT_BUNDLE_IDENTIFIER = "com.LuvdubNation.devslopes-socialTests";
				PRODUCT_NAME = "$(TARGET_NAME)";
				SWIFT_VERSION = 3.0;
				TEST_HOST = "$(BUILT_PRODUCTS_DIR)/devslopes-social.app/devslopes-social";
			};
			name = Debug;
		};
		0EBF54FF1EF0790900AE09F2 /* Release */ = {
			isa = XCBuildConfiguration;
			baseConfigurationReference = DC90072358CCFEB7207B4F1F /* Pods-devslopes-socialTests.release.xcconfig */;
			buildSettings = {
				ALWAYS_EMBED_SWIFT_STANDARD_LIBRARIES = YES;
				BUNDLE_LOADER = "$(TEST_HOST)";
				DEVELOPMENT_TEAM = UN3RJJV688;
				INFOPLIST_FILE = "devslopes-socialTests/Info.plist";
				LD_RUNPATH_SEARCH_PATHS = "$(inherited) @executable_path/Frameworks @loader_path/Frameworks";
				PRODUCT_BUNDLE_IDENTIFIER = "com.LuvdubNation.devslopes-socialTests";
				PRODUCT_NAME = "$(TARGET_NAME)";
				SWIFT_VERSION = 3.0;
				TEST_HOST = "$(BUILT_PRODUCTS_DIR)/devslopes-social.app/devslopes-social";
			};
			name = Release;
		};
/* End XCBuildConfiguration section */

/* Begin XCConfigurationList section */
		0EBF54D81EF0790700AE09F2 /* Build configuration list for PBXProject "devslopes-social" */ = {
			isa = XCConfigurationList;
			buildConfigurations = (
				0EBF54F81EF0790900AE09F2 /* Debug */,
				0EBF54F91EF0790900AE09F2 /* Release */,
			);
			defaultConfigurationIsVisible = 0;
			defaultConfigurationName = Release;
		};
		0EBF54FA1EF0790900AE09F2 /* Build configuration list for PBXNativeTarget "devslopes-social" */ = {
			isa = XCConfigurationList;
			buildConfigurations = (
				0EBF54FB1EF0790900AE09F2 /* Debug */,
				0EBF54FC1EF0790900AE09F2 /* Release */,
			);
			defaultConfigurationIsVisible = 0;
			defaultConfigurationName = Release;
		};
		0EBF54FD1EF0790900AE09F2 /* Build configuration list for PBXNativeTarget "devslopes-socialTests" */ = {
			isa = XCConfigurationList;
			buildConfigurations = (
				0EBF54FE1EF0790900AE09F2 /* Debug */,
				0EBF54FF1EF0790900AE09F2 /* Release */,
			);
			defaultConfigurationIsVisible = 0;
			defaultConfigurationName = Release;
		};
/* End XCConfigurationList section */
	};
	rootObject = 0EBF54D51EF0790700AE09F2 /* Project object */;
}
